{
  "originHash" : "995332a9b6d44c7e70aa2ceba795d1b39e68b03b76f220084a7d026ee99b0689",
  "pins" : [
    {
      "identity" : "musixmatch-api-ios",
      "kind" : "remoteSourceControl",
      "location" : "git@github.com:greenerchen/musixmatch-api-ios.git",
      "state" : {
        "revision" : "13d848ca3b8fd8a5c1d8a9cfda5c4b856ec7718b",
        "version" : "1.1.0"
      }
    },
    {
      "identity" : "viewinspector",
      "kind" : "remoteSourceControl",
      "location" : "https://github.com/nalexn/ViewInspector",
      "state" : {
        "revision" : "5acfa0a3c095ac9ad050abe51c60d1831e8321da",
        "version" : "0.10.0"
      }
    }
  ],
  "version" : 3
}
