{
  "originHash" : "f4ad9ccd42ca0f6a521feda0e071c145de88fcd04d94dd5617b931e23970ce8e",
  "pins" : [
    {
      "identity" : "musixmatch-api-ios",
      "kind" : "remoteSourceControl",
      "location" : "git@github.com:greenerchen/musixmatch-api-ios.git",
      "state" : {
        "revision" : "2df6b3b9f49f3a533a5fb9c8a868c2dcc04b246d",
        "version" : "1.0.9"
      }
    }
  ],
  "version" : 3
}
