// !$*UTF8*$!
{
	archiveVersion = 1;
	classes = {
	};
	objectVersion = 56;
	objects = {

/* Begin PBXBuildFile section */
		AA098C262CA2BE1400A0F63E /* XCTestCase+MemoryLeakTracking.swift in Sources */ = {isa = PBXBuildFile; fileRef = AA098C252CA2BE1400A0F63E /* XCTestCase+MemoryLeakTracking.swift */; };
		AA098C292CA2F99200A0F63E /* ViewInspector in Frameworks */ = {isa = PBXBuildFile; productRef = AA098C282CA2F99200A0F63E /* ViewInspector */; };
		AA098C2B2CA2FD6E00A0F63E /* ErrorView.swift in Sources */ = {isa = PBXBuildFile; fileRef = AA098C2A2CA2FD6E00A0F63E /* ErrorView.swift */; };
		AA098C2D2CA305DF00A0F63E /* ShazamStartViewTests.swift in Sources */ = {isa = PBXBuildFile; fileRef = AA098C2C2CA305DF00A0F63E /* ShazamStartViewTests.swift */; };
		AA098C2F2CA39B0200A0F63E /* MatchViewTests.swift in Sources */ = {isa = PBXBuildFile; fileRef = AA098C2E2CA39B0100A0F63E /* MatchViewTests.swift */; };
		AA098C312CA3AEAB00A0F63E /* ContentViewTests.swift in Sources */ = {isa = PBXBuildFile; fileRef = AA098C302CA3AEAB00A0F63E /* ContentViewTests.swift */; };
		AA098C332CA3B1D600A0F63E /* ShazamResultViewTests.swift in Sources */ = {isa = PBXBuildFile; fileRef = AA098C322CA3B1D600A0F63E /* ShazamResultViewTests.swift */; };
		AA098C352CA3B5E300A0F63E /* PermissonRequestViewTests.swift in Sources */ = {isa = PBXBuildFile; fileRef = AA098C342CA3B5E300A0F63E /* PermissonRequestViewTests.swift */; };
		AA098C372CA3B6B000A0F63E /* TrackActionsViewTests.swift in Sources */ = {isa = PBXBuildFile; fileRef = AA098C362CA3B6B000A0F63E /* TrackActionsViewTests.swift */; };
		AA54563B2C9BCF2300003647 /* MusixmatchAPISessionSpy.swift in Sources */ = {isa = PBXBuildFile; fileRef = AA54563A2C9BCF2300003647 /* MusixmatchAPISessionSpy.swift */; };
		AA54563D2C9C247F00003647 /* ShazamResultViewModelTests.swift in Sources */ = {isa = PBXBuildFile; fileRef = AA54563C2C9C247F00003647 /* ShazamResultViewModelTests.swift */; };
		AA5456402C9C50D400003647 /* SHMatchedMediaItem+MatchTime.swift in Sources */ = {isa = PBXBuildFile; fileRef = AA54563F2C9C50D400003647 /* SHMatchedMediaItem+MatchTime.swift */; };
		AA5456442C9C709B00003647 /* SHMatchedMediaItemMatchTimeTests.swift in Sources */ = {isa = PBXBuildFile; fileRef = AA5456432C9C709B00003647 /* SHMatchedMediaItemMatchTimeTests.swift */; };
		AA9D58922C81B90D008ABAEC /* Stubs.swift in Sources */ = {isa = PBXBuildFile; fileRef = AA9D58912C81B90D008ABAEC /* Stubs.swift */; };
		AA9D58942C81B92E008ABAEC /* FakeSHMatchCoder.swift in Sources */ = {isa = PBXBuildFile; fileRef = AA9D58932C81B92E008ABAEC /* FakeSHMatchCoder.swift */; };
		AA9D58962C81C71C008ABAEC /* FakeSHManagedSessionSpy.swift in Sources */ = {isa = PBXBuildFile; fileRef = AA9D58952C81C71C008ABAEC /* FakeSHManagedSessionSpy.swift */; };
		AA9EEF772C7F1D86008F4B6D /* LyricsPiecesApp.swift in Sources */ = {isa = PBXBuildFile; fileRef = AA9EEF762C7F1D86008F4B6D /* LyricsPiecesApp.swift */; };
		AA9EEF792C7F1D86008F4B6D /* ContentView.swift in Sources */ = {isa = PBXBuildFile; fileRef = AA9EEF782C7F1D86008F4B6D /* ContentView.swift */; };
		AA9EEF7B2C7F1D8B008F4B6D /* Assets.xcassets in Resources */ = {isa = PBXBuildFile; fileRef = AA9EEF7A2C7F1D8B008F4B6D /* Assets.xcassets */; };
		AA9EEF7E2C7F1D8B008F4B6D /* Preview Assets.xcassets in Resources */ = {isa = PBXBuildFile; fileRef = AA9EEF7D2C7F1D8B008F4B6D /* Preview Assets.xcassets */; };
		AA9EEF882C7F1D8B008F4B6D /* ShazamMatcherTests.swift in Sources */ = {isa = PBXBuildFile; fileRef = AA9EEF872C7F1D8B008F4B6D /* ShazamMatcherTests.swift */; };
		AA9EEFA62C7F24EE008F4B6D /* ShazamStartView.swift in Sources */ = {isa = PBXBuildFile; fileRef = AA9EEFA52C7F24EE008F4B6D /* ShazamStartView.swift */; };
		AA9EEFA82C7F25AE008F4B6D /* MatchView.swift in Sources */ = {isa = PBXBuildFile; fileRef = AA9EEFA72C7F25AE008F4B6D /* MatchView.swift */; };
		AA9EEFAB2C7F25E5008F4B6D /* ShazamMatcher.swift in Sources */ = {isa = PBXBuildFile; fileRef = AA9EEFAA2C7F25E5008F4B6D /* ShazamMatcher.swift */; };
		AA9EEFAE2C7F2A3F008F4B6D /* Assets2.xcassets in Resources */ = {isa = PBXBuildFile; fileRef = AA9EEFAD2C7F2A3F008F4B6D /* Assets2.xcassets */; };
		AA9EEFB02C7F2C19008F4B6D /* MatchingView.swift in Sources */ = {isa = PBXBuildFile; fileRef = AA9EEFAF2C7F2C19008F4B6D /* MatchingView.swift */; };
		AA9EEFB22C7F2C7F008F4B6D /* ShazamResultView.swift in Sources */ = {isa = PBXBuildFile; fileRef = AA9EEFB12C7F2C7F008F4B6D /* ShazamResultView.swift */; };
		AA9EEFBA2C805F4F008F4B6D /* PermissonRequestView.swift in Sources */ = {isa = PBXBuildFile; fileRef = AA9EEFB92C805F4F008F4B6D /* PermissonRequestView.swift */; };
		AAA347B52C8828C00011A39D /* WebView.swift in Sources */ = {isa = PBXBuildFile; fileRef = AAA347B42C8828C00011A39D /* WebView.swift */; };
		AAA347F82C9295F50011A39D /* MusixmatchAPI in Frameworks */ = {isa = PBXBuildFile; productRef = AAA347F72C9295F50011A39D /* MusixmatchAPI */; };
		AAB68FCD2CA56E48009ADCF4 /* MatchSongAcceptanceTests.swift in Sources */ = {isa = PBXBuildFile; fileRef = AAB68FCC2CA56E48009ADCF4 /* MatchSongAcceptanceTests.swift */; };
		AAB68FD32CA5CA5F009ADCF4 /* ViewInspector in Frameworks */ = {isa = PBXBuildFile; productRef = AAB68FD22CA5CA5F009ADCF4 /* ViewInspector */; };
		AACF4EA52C93E2370040C4D5 /* ShazamResultViewModel.swift in Sources */ = {isa = PBXBuildFile; fileRef = AACF4EA42C93E2370040C4D5 /* ShazamResultViewModel.swift */; };
		AACF4EA72C93E4D70040C4D5 /* TrackView.swift in Sources */ = {isa = PBXBuildFile; fileRef = AACF4EA62C93E4D70040C4D5 /* TrackView.swift */; };
		AACF4EA92C93F27F0040C4D5 /* TrackActionsView.swift in Sources */ = {isa = PBXBuildFile; fileRef = AACF4EA82C93F27F0040C4D5 /* TrackActionsView.swift */; };
		AACF4EB02C959EA20040C4D5 /* MatchingViewTests.swift in Sources */ = {isa = PBXBuildFile; fileRef = AACF4EAF2C959EA20040C4D5 /* MatchingViewTests.swift */; };
		AAF504672CAB09CF00707CEC /* Inspection.swift in Sources */ = {isa = PBXBuildFile; fileRef = AAF504662CAB09CF00707CEC /* Inspection.swift */; };
		AAF504692CAB0A1F00707CEC /* Inspection+Ext.swift in Sources */ = {isa = PBXBuildFile; fileRef = AAF504682CAB0A1F00707CEC /* Inspection+Ext.swift */; };
/* End PBXBuildFile section */

/* Begin PBXContainerItemProxy section */
		AA9EEF842C7F1D8B008F4B6D /* PBXContainerItemProxy */ = {
			isa = PBXContainerItemProxy;
			containerPortal = AA9EEF6B2C7F1D86008F4B6D /* Project object */;
			proxyType = 1;
			remoteGlobalIDString = AA9EEF722C7F1D86008F4B6D;
			remoteInfo = LyricsPieces;
		};
/* End PBXContainerItemProxy section */

/* Begin PBXFileReference section */
		AA098C252CA2BE1400A0F63E /* XCTestCase+MemoryLeakTracking.swift */ = {isa = PBXFileReference; lastKnownFileType = sourcecode.swift; path = "XCTestCase+MemoryLeakTracking.swift"; sourceTree = "<group>"; };
		AA098C2A2CA2FD6E00A0F63E /* ErrorView.swift */ = {isa = PBXFileReference; lastKnownFileType = sourcecode.swift; path = ErrorView.swift; sourceTree = "<group>"; };
		AA098C2C2CA305DF00A0F63E /* ShazamStartViewTests.swift */ = {isa = PBXFileReference; lastKnownFileType = sourcecode.swift; path = ShazamStartViewTests.swift; sourceTree = "<group>"; };
		AA098C2E2CA39B0100A0F63E /* MatchViewTests.swift */ = {isa = PBXFileReference; lastKnownFileType = sourcecode.swift; path = MatchViewTests.swift; sourceTree = "<group>"; };
		AA098C302CA3AEAB00A0F63E /* ContentViewTests.swift */ = {isa = PBXFileReference; lastKnownFileType = sourcecode.swift; path = ContentViewTests.swift; sourceTree = "<group>"; };
		AA098C322CA3B1D600A0F63E /* ShazamResultViewTests.swift */ = {isa = PBXFileReference; lastKnownFileType = sourcecode.swift; path = ShazamResultViewTests.swift; sourceTree = "<group>"; };
		AA098C342CA3B5E300A0F63E /* PermissonRequestViewTests.swift */ = {isa = PBXFileReference; lastKnownFileType = sourcecode.swift; path = PermissonRequestViewTests.swift; sourceTree = "<group>"; };
		AA098C362CA3B6B000A0F63E /* TrackActionsViewTests.swift */ = {isa = PBXFileReference; lastKnownFileType = sourcecode.swift; path = TrackActionsViewTests.swift; sourceTree = "<group>"; };
		AA4909D22C87021000CFAD3B /* Info.plist */ = {isa = PBXFileReference; lastKnownFileType = text.plist; path = Info.plist; sourceTree = "<group>"; };
		AA54563A2C9BCF2300003647 /* MusixmatchAPISessionSpy.swift */ = {isa = PBXFileReference; lastKnownFileType = sourcecode.swift; path = MusixmatchAPISessionSpy.swift; sourceTree = "<group>"; };
		AA54563C2C9C247F00003647 /* ShazamResultViewModelTests.swift */ = {isa = PBXFileReference; lastKnownFileType = sourcecode.swift; path = ShazamResultViewModelTests.swift; sourceTree = "<group>"; };
		AA54563F2C9C50D400003647 /* SHMatchedMediaItem+MatchTime.swift */ = {isa = PBXFileReference; lastKnownFileType = sourcecode.swift; path = "SHMatchedMediaItem+MatchTime.swift"; sourceTree = "<group>"; };
		AA5456432C9C709B00003647 /* SHMatchedMediaItemMatchTimeTests.swift */ = {isa = PBXFileReference; lastKnownFileType = sourcecode.swift; path = SHMatchedMediaItemMatchTimeTests.swift; sourceTree = "<group>"; };
		AA9D58912C81B90D008ABAEC /* Stubs.swift */ = {isa = PBXFileReference; lastKnownFileType = sourcecode.swift; path = Stubs.swift; sourceTree = "<group>"; };
		AA9D58932C81B92E008ABAEC /* FakeSHMatchCoder.swift */ = {isa = PBXFileReference; lastKnownFileType = sourcecode.swift; path = FakeSHMatchCoder.swift; sourceTree = "<group>"; };
		AA9D58952C81C71C008ABAEC /* FakeSHManagedSessionSpy.swift */ = {isa = PBXFileReference; lastKnownFileType = sourcecode.swift; path = FakeSHManagedSessionSpy.swift; sourceTree = "<group>"; };
		AA9EEF732C7F1D86008F4B6D /* ChordSync.app */ = {isa = PBXFileReference; explicitFileType = wrapper.application; includeInIndex = 0; path = ChordSync.app; sourceTree = BUILT_PRODUCTS_DIR; };
		AA9EEF762C7F1D86008F4B6D /* LyricsPiecesApp.swift */ = {isa = PBXFileReference; lastKnownFileType = sourcecode.swift; path = LyricsPiecesApp.swift; sourceTree = "<group>"; };
		AA9EEF782C7F1D86008F4B6D /* ContentView.swift */ = {isa = PBXFileReference; lastKnownFileType = sourcecode.swift; path = ContentView.swift; sourceTree = "<group>"; };
		AA9EEF7A2C7F1D8B008F4B6D /* Assets.xcassets */ = {isa = PBXFileReference; lastKnownFileType = folder.assetcatalog; path = Assets.xcassets; sourceTree = "<group>"; };
		AA9EEF7D2C7F1D8B008F4B6D /* Preview Assets.xcassets */ = {isa = PBXFileReference; lastKnownFileType = folder.assetcatalog; path = "Preview Assets.xcassets"; sourceTree = "<group>"; };
		AA9EEF832C7F1D8B008F4B6D /* ChordSyncTests.xctest */ = {isa = PBXFileReference; explicitFileType = wrapper.cfbundle; includeInIndex = 0; path = ChordSyncTests.xctest; sourceTree = BUILT_PRODUCTS_DIR; };
		AA9EEF872C7F1D8B008F4B6D /* ShazamMatcherTests.swift */ = {isa = PBXFileReference; lastKnownFileType = sourcecode.swift; path = ShazamMatcherTests.swift; sourceTree = "<group>"; };
		AA9EEFA52C7F24EE008F4B6D /* ShazamStartView.swift */ = {isa = PBXFileReference; lastKnownFileType = sourcecode.swift; path = ShazamStartView.swift; sourceTree = "<group>"; };
		AA9EEFA72C7F25AE008F4B6D /* MatchView.swift */ = {isa = PBXFileReference; lastKnownFileType = sourcecode.swift; path = MatchView.swift; sourceTree = "<group>"; };
		AA9EEFAA2C7F25E5008F4B6D /* ShazamMatcher.swift */ = {isa = PBXFileReference; lastKnownFileType = sourcecode.swift; path = ShazamMatcher.swift; sourceTree = "<group>"; };
		AA9EEFAD2C7F2A3F008F4B6D /* Assets2.xcassets */ = {isa = PBXFileReference; lastKnownFileType = folder.assetcatalog; path = Assets2.xcassets; sourceTree = "<group>"; };
		AA9EEFAF2C7F2C19008F4B6D /* MatchingView.swift */ = {isa = PBXFileReference; lastKnownFileType = sourcecode.swift; path = MatchingView.swift; sourceTree = "<group>"; };
		AA9EEFB12C7F2C7F008F4B6D /* ShazamResultView.swift */ = {isa = PBXFileReference; lastKnownFileType = sourcecode.swift; path = ShazamResultView.swift; sourceTree = "<group>"; };
		AA9EEFB92C805F4F008F4B6D /* PermissonRequestView.swift */ = {isa = PBXFileReference; lastKnownFileType = sourcecode.swift; path = PermissonRequestView.swift; sourceTree = "<group>"; };
		AAA347B42C8828C00011A39D /* WebView.swift */ = {isa = PBXFileReference; lastKnownFileType = sourcecode.swift; path = WebView.swift; sourceTree = "<group>"; };
		AAB68FCC2CA56E48009ADCF4 /* MatchSongAcceptanceTests.swift */ = {isa = PBXFileReference; lastKnownFileType = sourcecode.swift; path = MatchSongAcceptanceTests.swift; sourceTree = "<group>"; };
		AACF4EA42C93E2370040C4D5 /* ShazamResultViewModel.swift */ = {isa = PBXFileReference; lastKnownFileType = sourcecode.swift; path = ShazamResultViewModel.swift; sourceTree = "<group>"; };
		AACF4EA62C93E4D70040C4D5 /* TrackView.swift */ = {isa = PBXFileReference; lastKnownFileType = sourcecode.swift; path = TrackView.swift; sourceTree = "<group>"; };
		AACF4EA82C93F27F0040C4D5 /* TrackActionsView.swift */ = {isa = PBXFileReference; lastKnownFileType = sourcecode.swift; path = TrackActionsView.swift; sourceTree = "<group>"; };
		AACF4EAC2C9573F40040C4D5 /* LyricsPiecesTestPlan.xctestplan */ = {isa = PBXFileReference; lastKnownFileType = text; path = LyricsPiecesTestPlan.xctestplan; sourceTree = "<group>"; };
		AACF4EAF2C959EA20040C4D5 /* MatchingViewTests.swift */ = {isa = PBXFileReference; lastKnownFileType = sourcecode.swift; path = MatchingViewTests.swift; sourceTree = "<group>"; };
		AAF504662CAB09CF00707CEC /* Inspection.swift */ = {isa = PBXFileReference; lastKnownFileType = sourcecode.swift; path = Inspection.swift; sourceTree = "<group>"; };
		AAF504682CAB0A1F00707CEC /* Inspection+Ext.swift */ = {isa = PBXFileReference; lastKnownFileType = sourcecode.swift; path = "Inspection+Ext.swift"; sourceTree = "<group>"; };
/* End PBXFileReference section */

/* Begin PBXFrameworksBuildPhase section */
		AA9EEF702C7F1D86008F4B6D /* Frameworks */ = {
			isa = PBXFrameworksBuildPhase;
			buildActionMask = 2147483647;
			files = (
				AAA347F82C9295F50011A39D /* MusixmatchAPI in Frameworks */,
			);
			runOnlyForDeploymentPostprocessing = 0;
		};
		AA9EEF802C7F1D8B008F4B6D /* Frameworks */ = {
			isa = PBXFrameworksBuildPhase;
			buildActionMask = 2147483647;
			files = (
				AA098C292CA2F99200A0F63E /* ViewInspector in Frameworks */,
				AAB68FD32CA5CA5F009ADCF4 /* ViewInspector in Frameworks */,
			);
			runOnlyForDeploymentPostprocessing = 0;
		};
/* End PBXFrameworksBuildPhase section */

/* Begin PBXGroup section */
		AA4909D62C8764C300CFAD3B /* Frameworks */ = {
			isa = PBXGroup;
			children = (
			);
			name = Frameworks;
			sourceTree = "<group>";
		};
		AA5456372C9BCBB000003647 /* View Models */ = {
			isa = PBXGroup;
			children = (
				AA54563C2C9C247F00003647 /* ShazamResultViewModelTests.swift */,
			);
			path = "View Models";
			sourceTree = "<group>";
		};
		AA9D588E2C81B8BB008ABAEC /* Helpers */ = {
			isa = PBXGroup;
			children = (
				AA54563A2C9BCF2300003647 /* MusixmatchAPISessionSpy.swift */,
				AA9D58952C81C71C008ABAEC /* FakeSHManagedSessionSpy.swift */,
				AA9D58932C81B92E008ABAEC /* FakeSHMatchCoder.swift */,
				AA9D58912C81B90D008ABAEC /* Stubs.swift */,
				AA098C252CA2BE1400A0F63E /* XCTestCase+MemoryLeakTracking.swift */,
				AAF504682CAB0A1F00707CEC /* Inspection+Ext.swift */,
			);
			path = Helpers;
			sourceTree = "<group>";
		};
		AA9EEF6A2C7F1D86008F4B6D = {
			isa = PBXGroup;
			children = (
				AA9EEF752C7F1D86008F4B6D /* LyricsPieces */,
				AA9EEF862C7F1D8B008F4B6D /* LyricsPiecesTests */,
				AA9EEF742C7F1D86008F4B6D /* Products */,
				AA4909D62C8764C300CFAD3B /* Frameworks */,
			);
			sourceTree = "<group>";
		};
		AA9EEF742C7F1D86008F4B6D /* Products */ = {
			isa = PBXGroup;
			children = (
				AA9EEF732C7F1D86008F4B6D /* ChordSync.app */,
				AA9EEF832C7F1D8B008F4B6D /* ChordSyncTests.xctest */,
			);
			name = Products;
			sourceTree = "<group>";
		};
		AA9EEF752C7F1D86008F4B6D /* LyricsPieces */ = {
			isa = PBXGroup;
			children = (
				AA4909D22C87021000CFAD3B /* Info.plist */,
				AA9EEFA02C7F1E29008F4B6D /* App */,
				AA9EEFA22C7F1E51008F4B6D /* Data */,
				AAF504652CAB09BD00707CEC /* Helpers */,
				AA9EEF7C2C7F1D8B008F4B6D /* Preview Content */,
				AA9EEFAC2C7F2A29008F4B6D /* Resources */,
				AA9EEFA12C7F1E38008F4B6D /* Views */,
				AAA347EF2C9182340011A39D /* View Models */,
			);
			path = LyricsPieces;
			sourceTree = "<group>";
		};
		AA9EEF7C2C7F1D8B008F4B6D /* Preview Content */ = {
			isa = PBXGroup;
			children = (
				AA9EEF7D2C7F1D8B008F4B6D /* Preview Assets.xcassets */,
			);
			path = "Preview Content";
			sourceTree = "<group>";
		};
		AA9EEF862C7F1D8B008F4B6D /* LyricsPiecesTests */ = {
			isa = PBXGroup;
			children = (
				AACF4EAC2C9573F40040C4D5 /* LyricsPiecesTestPlan.xctestplan */,
				AAF504702CAD66AE00707CEC /* Acceptance Tests */,
				AA9D588E2C81B8BB008ABAEC /* Helpers */,
				AACF4EAD2C959E680040C4D5 /* Data */,
				AACF4EAE2C959E8A0040C4D5 /* Views */,
				AA5456372C9BCBB000003647 /* View Models */,
			);
			path = LyricsPiecesTests;
			sourceTree = "<group>";
		};
		AA9EEFA02C7F1E29008F4B6D /* App */ = {
			isa = PBXGroup;
			children = (
				AA9EEF762C7F1D86008F4B6D /* LyricsPiecesApp.swift */,
				AA9EEF782C7F1D86008F4B6D /* ContentView.swift */,
				AA9EEF7A2C7F1D8B008F4B6D /* Assets.xcassets */,
			);
			path = App;
			sourceTree = "<group>";
		};
		AA9EEFA12C7F1E38008F4B6D /* Views */ = {
			isa = PBXGroup;
			children = (
				AA9EEFA52C7F24EE008F4B6D /* ShazamStartView.swift */,
				AA9EEFB12C7F2C7F008F4B6D /* ShazamResultView.swift */,
				AACF4EA62C93E4D70040C4D5 /* TrackView.swift */,
				AACF4EA82C93F27F0040C4D5 /* TrackActionsView.swift */,
				AA9EEFA72C7F25AE008F4B6D /* MatchView.swift */,
				AA098C2A2CA2FD6E00A0F63E /* ErrorView.swift */,
				AA9EEFB92C805F4F008F4B6D /* PermissonRequestView.swift */,
				AA9EEFAF2C7F2C19008F4B6D /* MatchingView.swift */,
				AAA347B42C8828C00011A39D /* WebView.swift */,
			);
			path = Views;
			sourceTree = "<group>";
		};
		AA9EEFA22C7F1E51008F4B6D /* Data */ = {
			isa = PBXGroup;
			children = (
				AA9EEFAA2C7F25E5008F4B6D /* ShazamMatcher.swift */,
				AA54563F2C9C50D400003647 /* SHMatchedMediaItem+MatchTime.swift */,
			);
			path = Data;
			sourceTree = "<group>";
		};
		AA9EEFAC2C7F2A29008F4B6D /* Resources */ = {
			isa = PBXGroup;
			children = (
				AA9EEFAD2C7F2A3F008F4B6D /* Assets2.xcassets */,
			);
			path = Resources;
			sourceTree = "<group>";
		};
		AAA347EF2C9182340011A39D /* View Models */ = {
			isa = PBXGroup;
			children = (
				AACF4EA42C93E2370040C4D5 /* ShazamResultViewModel.swift */,
			);
			path = "View Models";
			sourceTree = "<group>";
		};
		AACF4EAD2C959E680040C4D5 /* Data */ = {
			isa = PBXGroup;
			children = (
				AA9EEF872C7F1D8B008F4B6D /* ShazamMatcherTests.swift */,
				AA5456432C9C709B00003647 /* SHMatchedMediaItemMatchTimeTests.swift */,
			);
			path = Data;
			sourceTree = "<group>";
		};
		AACF4EAE2C959E8A0040C4D5 /* Views */ = {
			isa = PBXGroup;
			children = (
				AACF4EAF2C959EA20040C4D5 /* MatchingViewTests.swift */,
				AA098C322CA3B1D600A0F63E /* ShazamResultViewTests.swift */,
				AA098C2C2CA305DF00A0F63E /* ShazamStartViewTests.swift */,
				AA098C2E2CA39B0100A0F63E /* MatchViewTests.swift */,
				AA098C302CA3AEAB00A0F63E /* ContentViewTests.swift */,
				AA098C342CA3B5E300A0F63E /* PermissonRequestViewTests.swift */,
				AA098C362CA3B6B000A0F63E /* TrackActionsViewTests.swift */,
			);
			path = Views;
			sourceTree = "<group>";
		};
		AAF504652CAB09BD00707CEC /* Helpers */ = {
			isa = PBXGroup;
			children = (
				AAF504662CAB09CF00707CEC /* Inspection.swift */,
			);
			path = Helpers;
			sourceTree = "<group>";
		};
		AAF504702CAD66AE00707CEC /* Acceptance Tests */ = {
			isa = PBXGroup;
			children = (
				AAB68FCC2CA56E48009ADCF4 /* MatchSongAcceptanceTests.swift */,
			);
			path = "Acceptance Tests";
			sourceTree = "<group>";
		};
/* End PBXGroup section */

/* Begin PBXNativeTarget section */
		AA9EEF722C7F1D86008F4B6D /* ChordSync */ = {
			isa = PBXNativeTarget;
			buildConfigurationList = AA9EEF972C7F1D8B008F4B6D /* Build configuration list for PBXNativeTarget "ChordSync" */;
			buildPhases = (
				AA9EEF6F2C7F1D86008F4B6D /* Sources */,
				AA9EEF702C7F1D86008F4B6D /* Frameworks */,
				AA9EEF712C7F1D86008F4B6D /* Resources */,
			);
			buildRules = (
			);
			dependencies = (
			);
			name = ChordSync;
			packageProductDependencies = (
				AAA347F72C9295F50011A39D /* MusixmatchAPI */,
			);
			productName = LyricsPieces;
			productReference = AA9EEF732C7F1D86008F4B6D /* ChordSync.app */;
			productType = "com.apple.product-type.application";
		};
		AA9EEF822C7F1D8B008F4B6D /* ChordSyncTests */ = {
			isa = PBXNativeTarget;
			buildConfigurationList = AA9EEF9A2C7F1D8B008F4B6D /* Build configuration list for PBXNativeTarget "ChordSyncTests" */;
			buildPhases = (
				AA9EEF7F2C7F1D8B008F4B6D /* Sources */,
				AA9EEF802C7F1D8B008F4B6D /* Frameworks */,
				AA9EEF812C7F1D8B008F4B6D /* Resources */,
			);
			buildRules = (
			);
			dependencies = (
				AA9EEF852C7F1D8B008F4B6D /* PBXTargetDependency */,
			);
			name = ChordSyncTests;
			productName = LyricsPiecesTests;
			productReference = AA9EEF832C7F1D8B008F4B6D /* ChordSyncTests.xctest */;
			productType = "com.apple.product-type.bundle.unit-test";
		};
/* End PBXNativeTarget section */

/* Begin PBXProject section */
		AA9EEF6B2C7F1D86008F4B6D /* Project object */ = {
			isa = PBXProject;
			attributes = {
				BuildIndependentTargetsInParallel = 1;
				LastSwiftUpdateCheck = 1540;
				LastUpgradeCheck = 1600;
				TargetAttributes = {
					AA9EEF722C7F1D86008F4B6D = {
						CreatedOnToolsVersion = 15.4;
					};
					AA9EEF822C7F1D8B008F4B6D = {
						CreatedOnToolsVersion = 15.4;
						TestTargetID = AA9EEF722C7F1D86008F4B6D;
					};
				};
			};
			buildConfigurationList = AA9EEF6E2C7F1D86008F4B6D /* Build configuration list for PBXProject "LyricsPieces" */;
			compatibilityVersion = "Xcode 14.0";
			developmentRegion = en;
			hasScannedForEncodings = 0;
			knownRegions = (
				en,
				Base,
			);
			mainGroup = AA9EEF6A2C7F1D86008F4B6D;
			packageReferences = (
				AAA347F62C9295F50011A39D /* XCRemoteSwiftPackageReference "musixmatch-api-ios" */,
				AAB68FD12CA5CA5F009ADCF4 /* XCRemoteSwiftPackageReference "ViewInspector" */,
			);
			productRefGroup = AA9EEF742C7F1D86008F4B6D /* Products */;
			projectDirPath = "";
			projectRoot = "";
			targets = (
				AA9EEF722C7F1D86008F4B6D /* ChordSync */,
				AA9EEF822C7F1D8B008F4B6D /* ChordSyncTests */,
			);
		};
/* End PBXProject section */

/* Begin PBXResourcesBuildPhase section */
		AA9EEF712C7F1D86008F4B6D /* Resources */ = {
			isa = PBXResourcesBuildPhase;
			buildActionMask = 2147483647;
			files = (
				AA9EEF7E2C7F1D8B008F4B6D /* Preview Assets.xcassets in Resources */,
				AA9EEFAE2C7F2A3F008F4B6D /* Assets2.xcassets in Resources */,
				AA9EEF7B2C7F1D8B008F4B6D /* Assets.xcassets in Resources */,
			);
			runOnlyForDeploymentPostprocessing = 0;
		};
		AA9EEF812C7F1D8B008F4B6D /* Resources */ = {
			isa = PBXResourcesBuildPhase;
			buildActionMask = 2147483647;
			files = (
			);
			runOnlyForDeploymentPostprocessing = 0;
		};
/* End PBXResourcesBuildPhase section */

/* Begin PBXSourcesBuildPhase section */
		AA9EEF6F2C7F1D86008F4B6D /* Sources */ = {
			isa = PBXSourcesBuildPhase;
			buildActionMask = 2147483647;
			files = (
				AA9EEFA62C7F24EE008F4B6D /* ShazamStartView.swift in Sources */,
				AAF504672CAB09CF00707CEC /* Inspection.swift in Sources */,
				AA9EEFAB2C7F25E5008F4B6D /* ShazamMatcher.swift in Sources */,
				AACF4EA72C93E4D70040C4D5 /* TrackView.swift in Sources */,
				AACF4EA92C93F27F0040C4D5 /* TrackActionsView.swift in Sources */,
				AA9EEFB22C7F2C7F008F4B6D /* ShazamResultView.swift in Sources */,
				AA9EEF792C7F1D86008F4B6D /* ContentView.swift in Sources */,
				AA9EEFA82C7F25AE008F4B6D /* MatchView.swift in Sources */,
				AA9EEF772C7F1D86008F4B6D /* LyricsPiecesApp.swift in Sources */,
				AA9EEFBA2C805F4F008F4B6D /* PermissonRequestView.swift in Sources */,
				AA098C2B2CA2FD6E00A0F63E /* ErrorView.swift in Sources */,
				AAA347B52C8828C00011A39D /* WebView.swift in Sources */,
				AA9EEFB02C7F2C19008F4B6D /* MatchingView.swift in Sources */,
				AA5456402C9C50D400003647 /* SHMatchedMediaItem+MatchTime.swift in Sources */,
				AACF4EA52C93E2370040C4D5 /* ShazamResultViewModel.swift in Sources */,
			);
			runOnlyForDeploymentPostprocessing = 0;
		};
		AA9EEF7F2C7F1D8B008F4B6D /* Sources */ = {
			isa = PBXSourcesBuildPhase;
			buildActionMask = 2147483647;
			files = (
				AA098C262CA2BE1400A0F63E /* XCTestCase+MemoryLeakTracking.swift in Sources */,
				AA098C2D2CA305DF00A0F63E /* ShazamStartViewTests.swift in Sources */,
				AA5456442C9C709B00003647 /* SHMatchedMediaItemMatchTimeTests.swift in Sources */,
				AA098C332CA3B1D600A0F63E /* ShazamResultViewTests.swift in Sources */,
				AA9D58922C81B90D008ABAEC /* Stubs.swift in Sources */,
				AA098C352CA3B5E300A0F63E /* PermissonRequestViewTests.swift in Sources */,
				AA098C2F2CA39B0200A0F63E /* MatchViewTests.swift in Sources */,
				AA9D58942C81B92E008ABAEC /* FakeSHMatchCoder.swift in Sources */,
				AAB68FCD2CA56E48009ADCF4 /* MatchSongAcceptanceTests.swift in Sources */,
				AA54563D2C9C247F00003647 /* ShazamResultViewModelTests.swift in Sources */,
				AA098C372CA3B6B000A0F63E /* TrackActionsViewTests.swift in Sources */,
				AA9EEF882C7F1D8B008F4B6D /* ShazamMatcherTests.swift in Sources */,
				AA098C312CA3AEAB00A0F63E /* ContentViewTests.swift in Sources */,
				AA54563B2C9BCF2300003647 /* MusixmatchAPISessionSpy.swift in Sources */,
				AACF4EB02C959EA20040C4D5 /* MatchingViewTests.swift in Sources */,
				AA9D58962C81C71C008ABAEC /* FakeSHManagedSessionSpy.swift in Sources */,
				AAF504692CAB0A1F00707CEC /* Inspection+Ext.swift in Sources */,
			);
			runOnlyForDeploymentPostprocessing = 0;
		};
/* End PBXSourcesBuildPhase section */

/* Begin PBXTargetDependency section */
		AA9EEF852C7F1D8B008F4B6D /* PBXTargetDependency */ = {
			isa = PBXTargetDependency;
			target = AA9EEF722C7F1D86008F4B6D /* ChordSync */;
			targetProxy = AA9EEF842C7F1D8B008F4B6D /* PBXContainerItemProxy */;
		};
/* End PBXTargetDependency section */

/* Begin XCBuildConfiguration section */
		AA9EEF952C7F1D8B008F4B6D /* Debug */ = {
			isa = XCBuildConfiguration;
			buildSettings = {
				ALWAYS_SEARCH_USER_PATHS = NO;
				ASSETCATALOG_COMPILER_GENERATE_SWIFT_ASSET_SYMBOL_EXTENSIONS = YES;
				CLANG_ANALYZER_NONNULL = YES;
				CLANG_ANALYZER_NUMBER_OBJECT_CONVERSION = YES_AGGRESSIVE;
				CLANG_CXX_LANGUAGE_STANDARD = "gnu++20";
				CLANG_ENABLE_MODULES = YES;
				CLANG_ENABLE_OBJC_ARC = YES;
				CLANG_ENABLE_OBJC_WEAK = YES;
				CLANG_WARN_BLOCK_CAPTURE_AUTORELEASING = YES;
				CLANG_WARN_BOOL_CONVERSION = YES;
				CLANG_WARN_COMMA = YES;
				CLANG_WARN_CONSTANT_CONVERSION = YES;
				CLANG_WARN_DEPRECATED_OBJC_IMPLEMENTATIONS = YES;
				CLANG_WARN_DIRECT_OBJC_ISA_USAGE = YES_ERROR;
				CLANG_WARN_DOCUMENTATION_COMMENTS = YES;
				CLANG_WARN_EMPTY_BODY = YES;
				CLANG_WARN_ENUM_CONVERSION = YES;
				CLANG_WARN_INFINITE_RECURSION = YES;
				CLANG_WARN_INT_CONVERSION = YES;
				CLANG_WARN_NON_LITERAL_NULL_CONVERSION = YES;
				CLANG_WARN_OBJC_IMPLICIT_RETAIN_SELF = YES;
				CLANG_WARN_OBJC_LITERAL_CONVERSION = YES;
				CLANG_WARN_OBJC_ROOT_CLASS = YES_ERROR;
				CLANG_WARN_QUOTED_INCLUDE_IN_FRAMEWORK_HEADER = YES;
				CLANG_WARN_RANGE_LOOP_ANALYSIS = YES;
				CLANG_WARN_STRICT_PROTOTYPES = YES;
				CLANG_WARN_SUSPICIOUS_MOVE = YES;
				CLANG_WARN_UNGUARDED_AVAILABILITY = YES_AGGRESSIVE;
				CLANG_WARN_UNREACHABLE_CODE = YES;
				CLANG_WARN__DUPLICATE_METHOD_MATCH = YES;
				CODE_SIGN_STYLE = Automatic;
				COPY_PHASE_STRIP = NO;
				DEBUG_INFORMATION_FORMAT = dwarf;
				DEVELOPMENT_TEAM = 6FQHBQB66L;
				ENABLE_STRICT_OBJC_MSGSEND = YES;
				ENABLE_TESTABILITY = YES;
				ENABLE_USER_SCRIPT_SANDBOXING = YES;
				GCC_C_LANGUAGE_STANDARD = gnu17;
				GCC_DYNAMIC_NO_PIC = NO;
				GCC_NO_COMMON_BLOCKS = YES;
				GCC_OPTIMIZATION_LEVEL = 0;
				GCC_PREPROCESSOR_DEFINITIONS = (
					"DEBUG=1",
					"$(inherited)",
				);
				GCC_WARN_64_TO_32_BIT_CONVERSION = YES;
				GCC_WARN_ABOUT_RETURN_TYPE = YES_ERROR;
				GCC_WARN_UNDECLARED_SELECTOR = YES;
				GCC_WARN_UNINITIALIZED_AUTOS = YES_AGGRESSIVE;
				GCC_WARN_UNUSED_FUNCTION = YES;
				GCC_WARN_UNUSED_VARIABLE = YES;
				IPHONEOS_DEPLOYMENT_TARGET = 17.5;
				LOCALIZATION_PREFERS_STRING_CATALOGS = YES;
				MTL_ENABLE_DEBUG_INFO = INCLUDE_SOURCE;
				MTL_FAST_MATH = YES;
				ONLY_ACTIVE_ARCH = YES;
				SDKROOT = iphoneos;
				SWIFT_ACTIVE_COMPILATION_CONDITIONS = "DEBUG $(inherited)";
				SWIFT_OPTIMIZATION_LEVEL = "-Onone";
			};
			name = Debug;
		};
		AA9EEF962C7F1D8B008F4B6D /* Release */ = {
			isa = XCBuildConfiguration;
			buildSettings = {
				ALWAYS_SEARCH_USER_PATHS = NO;
				ASSETCATALOG_COMPILER_GENERATE_SWIFT_ASSET_SYMBOL_EXTENSIONS = YES;
				CLANG_ANALYZER_NONNULL = YES;
				CLANG_ANALYZER_NUMBER_OBJECT_CONVERSION = YES_AGGRESSIVE;
				CLANG_CXX_LANGUAGE_STANDARD = "gnu++20";
				CLANG_ENABLE_MODULES = YES;
				CLANG_ENABLE_OBJC_ARC = YES;
				CLANG_ENABLE_OBJC_WEAK = YES;
				CLANG_WARN_BLOCK_CAPTURE_AUTORELEASING = YES;
				CLANG_WARN_BOOL_CONVERSION = YES;
				CLANG_WARN_COMMA = YES;
				CLANG_WARN_CONSTANT_CONVERSION = YES;
				CLANG_WARN_DEPRECATED_OBJC_IMPLEMENTATIONS = YES;
				CLANG_WARN_DIRECT_OBJC_ISA_USAGE = YES_ERROR;
				CLANG_WARN_DOCUMENTATION_COMMENTS = YES;
				CLANG_WARN_EMPTY_BODY = YES;
				CLANG_WARN_ENUM_CONVERSION = YES;
				CLANG_WARN_INFINITE_RECURSION = YES;
				CLANG_WARN_INT_CONVERSION = YES;
				CLANG_WARN_NON_LITERAL_NULL_CONVERSION = YES;
				CLANG_WARN_OBJC_IMPLICIT_RETAIN_SELF = YES;
				CLANG_WARN_OBJC_LITERAL_CONVERSION = YES;
				CLANG_WARN_OBJC_ROOT_CLASS = YES_ERROR;
				CLANG_WARN_QUOTED_INCLUDE_IN_FRAMEWORK_HEADER = YES;
				CLANG_WARN_RANGE_LOOP_ANALYSIS = YES;
				CLANG_WARN_STRICT_PROTOTYPES = YES;
				CLANG_WARN_SUSPICIOUS_MOVE = YES;
				CLANG_WARN_UNGUARDED_AVAILABILITY = YES_AGGRESSIVE;
				CLANG_WARN_UNREACHABLE_CODE = YES;
				CLANG_WARN__DUPLICATE_METHOD_MATCH = YES;
				CODE_SIGN_IDENTITY = "Apple Distribution";
				CODE_SIGN_STYLE = Automatic;
				COPY_PHASE_STRIP = NO;
				DEBUG_INFORMATION_FORMAT = "dwarf-with-dsym";
				DEVELOPMENT_TEAM = 6FQHBQB66L;
				ENABLE_NS_ASSERTIONS = NO;
				ENABLE_STRICT_OBJC_MSGSEND = YES;
				ENABLE_USER_SCRIPT_SANDBOXING = YES;
				GCC_C_LANGUAGE_STANDARD = gnu17;
				GCC_NO_COMMON_BLOCKS = YES;
				GCC_WARN_64_TO_32_BIT_CONVERSION = YES;
				GCC_WARN_ABOUT_RETURN_TYPE = YES_ERROR;
				GCC_WARN_UNDECLARED_SELECTOR = YES;
				GCC_WARN_UNINITIALIZED_AUTOS = YES_AGGRESSIVE;
				GCC_WARN_UNUSED_FUNCTION = YES;
				GCC_WARN_UNUSED_VARIABLE = YES;
				IPHONEOS_DEPLOYMENT_TARGET = 17.5;
				LOCALIZATION_PREFERS_STRING_CATALOGS = YES;
				MTL_ENABLE_DEBUG_INFO = NO;
				MTL_FAST_MATH = YES;
				SDKROOT = iphoneos;
				SWIFT_COMPILATION_MODE = wholemodule;
				VALIDATE_PRODUCT = YES;
			};
			name = Release;
		};
		AA9EEF982C7F1D8B008F4B6D /* Debug */ = {
			isa = XCBuildConfiguration;
			buildSettings = {
				ASSETCATALOG_COMPILER_APPICON_NAME = AppIcon;
				ASSETCATALOG_COMPILER_GLOBAL_ACCENT_COLOR_NAME = AccentColor;
				CODE_SIGN_STYLE = Automatic;
				CURRENT_PROJECT_VERSION = 12;
				DEVELOPMENT_ASSET_PATHS = "\"LyricsPieces/Preview Content\"";
				DEVELOPMENT_TEAM = 6FQHBQB66L;
				ENABLE_PREVIEWS = YES;
				GENERATE_INFOPLIST_FILE = YES;
				INFOPLIST_FILE = LyricsPieces/Info.plist;
				INFOPLIST_KEY_LSApplicationCategoryType = "public.app-category.music";
				INFOPLIST_KEY_NSMicrophoneUsageDescription = "ChordSync requires permissions to listen to audio for appropriate songs";
				INFOPLIST_KEY_UIApplicationSceneManifest_Generation = YES;
				INFOPLIST_KEY_UIApplicationSupportsIndirectInputEvents = YES;
				INFOPLIST_KEY_UILaunchScreen_Generation = YES;
				INFOPLIST_KEY_UISupportedInterfaceOrientations_iPad = "UIInterfaceOrientationPortrait UIInterfaceOrientationPortraitUpsideDown UIInterfaceOrientationLandscapeLeft UIInterfaceOrientationLandscapeRight";
				INFOPLIST_KEY_UISupportedInterfaceOrientations_iPhone = "UIInterfaceOrientationPortrait UIInterfaceOrientationLandscapeLeft UIInterfaceOrientationLandscapeRight";
				IPHONEOS_DEPLOYMENT_TARGET = 17.5;
				LD_RUNPATH_SEARCH_PATHS = (
					"$(inherited)",
					"@executable_path/Frameworks",
				);
				MARKETING_VERSION = 1.0;
				MUSIXMATCH_APIKEY = 2263c5f62a9d7ee669f34aa21e3e460a;
				PRODUCT_BUNDLE_IDENTIFIER = com.greenerchen.LyricsPieces;
				PRODUCT_NAME = "$(TARGET_NAME)";
				SWIFT_EMIT_LOC_STRINGS = YES;
				SWIFT_VERSION = 5.0;
				TARGETED_DEVICE_FAMILY = "1,2";
			};
			name = Debug;
		};
		AA9EEF992C7F1D8B008F4B6D /* Release */ = {
			isa = XCBuildConfiguration;
			buildSettings = {
				ASSETCATALOG_COMPILER_APPICON_NAME = AppIcon;
				ASSETCATALOG_COMPILER_GLOBAL_ACCENT_COLOR_NAME = AccentColor;
				CODE_SIGN_IDENTITY = "Apple Development";
				CODE_SIGN_STYLE = Automatic;
				CURRENT_PROJECT_VERSION = 12;
				DEVELOPMENT_ASSET_PATHS = "\"LyricsPieces/Preview Content\"";
				DEVELOPMENT_TEAM = 6FQHBQB66L;
				ENABLE_PREVIEWS = YES;
				GENERATE_INFOPLIST_FILE = YES;
				INFOPLIST_FILE = LyricsPieces/Info.plist;
				INFOPLIST_KEY_LSApplicationCategoryType = "public.app-category.music";
				INFOPLIST_KEY_NSMicrophoneUsageDescription = "ChordSync requires permissions to listen to audio for appropriate songs";
				INFOPLIST_KEY_UIApplicationSceneManifest_Generation = YES;
				INFOPLIST_KEY_UIApplicationSupportsIndirectInputEvents = YES;
				INFOPLIST_KEY_UILaunchScreen_Generation = YES;
				INFOPLIST_KEY_UISupportedInterfaceOrientations_iPad = "UIInterfaceOrientationPortrait UIInterfaceOrientationPortraitUpsideDown UIInterfaceOrientationLandscapeLeft UIInterfaceOrientationLandscapeRight";
				INFOPLIST_KEY_UISupportedInterfaceOrientations_iPhone = "UIInterfaceOrientationPortrait UIInterfaceOrientationLandscapeLeft UIInterfaceOrientationLandscapeRight";
				IPHONEOS_DEPLOYMENT_TARGET = 17.5;
				LD_RUNPATH_SEARCH_PATHS = (
					"$(inherited)",
					"@executable_path/Frameworks",
				);
				MARKETING_VERSION = 1.0;
				MUSIXMATCH_APIKEY = 2263c5f62a9d7ee669f34aa21e3e460a;
				PRODUCT_BUNDLE_IDENTIFIER = com.greenerchen.LyricsPieces;
				PRODUCT_NAME = "$(TARGET_NAME)";
				PROVISIONING_PROFILE_SPECIFIER = "";
				SWIFT_EMIT_LOC_STRINGS = YES;
				SWIFT_VERSION = 5.0;
				TARGETED_DEVICE_FAMILY = "1,2";
			};
			name = Release;
		};
		AA9EEF9B2C7F1D8B008F4B6D /* Debug */ = {
			isa = XCBuildConfiguration;
			buildSettings = {
				BUNDLE_LOADER = "$(TEST_HOST)";
				CODE_SIGN_STYLE = Automatic;
				CURRENT_PROJECT_VERSION = 1;
				DEVELOPMENT_TEAM = 6FQHBQB66L;
				GENERATE_INFOPLIST_FILE = YES;
				IPHONEOS_DEPLOYMENT_TARGET = 17.5;
				MARKETING_VERSION = 1.0;
				PRODUCT_BUNDLE_IDENTIFIER = com.greenerchen.LyricsPiecesTests;
				PRODUCT_NAME = "$(TARGET_NAME)";
				SWIFT_EMIT_LOC_STRINGS = NO;
				SWIFT_VERSION = 5.0;
				TARGETED_DEVICE_FAMILY = "1,2";
				TEST_HOST = "$(BUILT_PRODUCTS_DIR)/ChordSync.app/$(BUNDLE_EXECUTABLE_FOLDER_PATH)/ChordSync";
			};
			name = Debug;
		};
		AA9EEF9C2C7F1D8B008F4B6D /* Release */ = {
			isa = XCBuildConfiguration;
			buildSettings = {
				BUNDLE_LOADER = "$(TEST_HOST)";
				CODE_SIGN_STYLE = Automatic;
				CURRENT_PROJECT_VERSION = 1;
				DEVELOPMENT_TEAM = 6FQHBQB66L;
				GENERATE_INFOPLIST_FILE = YES;
				IPHONEOS_DEPLOYMENT_TARGET = 17.5;
				MARKETING_VERSION = 1.0;
				PRODUCT_BUNDLE_IDENTIFIER = com.greenerchen.LyricsPiecesTests;
				PRODUCT_NAME = "$(TARGET_NAME)";
				SWIFT_EMIT_LOC_STRINGS = NO;
				SWIFT_VERSION = 5.0;
				TARGETED_DEVICE_FAMILY = "1,2";
				TEST_HOST = "$(BUILT_PRODUCTS_DIR)/ChordSync.app/$(BUNDLE_EXECUTABLE_FOLDER_PATH)/ChordSync";
			};
			name = Release;
		};
/* End XCBuildConfiguration section */

/* Begin XCConfigurationList section */
		AA9EEF6E2C7F1D86008F4B6D /* Build configuration list for PBXProject "LyricsPieces" */ = {
			isa = XCConfigurationList;
			buildConfigurations = (
				AA9EEF952C7F1D8B008F4B6D /* Debug */,
				AA9EEF962C7F1D8B008F4B6D /* Release */,
			);
			defaultConfigurationIsVisible = 0;
			defaultConfigurationName = Release;
		};
		AA9EEF972C7F1D8B008F4B6D /* Build configuration list for PBXNativeTarget "ChordSync" */ = {
			isa = XCConfigurationList;
			buildConfigurations = (
				AA9EEF982C7F1D8B008F4B6D /* Debug */,
				AA9EEF992C7F1D8B008F4B6D /* Release */,
			);
			defaultConfigurationIsVisible = 0;
			defaultConfigurationName = Release;
		};
		AA9EEF9A2C7F1D8B008F4B6D /* Build configuration list for PBXNativeTarget "ChordSyncTests" */ = {
			isa = XCConfigurationList;
			buildConfigurations = (
				AA9EEF9B2C7F1D8B008F4B6D /* Debug */,
				AA9EEF9C2C7F1D8B008F4B6D /* Release */,
			);
			defaultConfigurationIsVisible = 0;
			defaultConfigurationName = Release;
		};
/* End XCConfigurationList section */

/* Begin XCRemoteSwiftPackageReference section */
		AA098C272CA2F99200A0F63E /* XCRemoteSwiftPackageReference "ViewInspector" */ = {
			isa = XCRemoteSwiftPackageReference;
			repositoryURL = "https://github.com/nalexn/ViewInspector";
			requirement = {
				kind = upToNextMajorVersion;
				minimumVersion = 0.10.0;
			};
		};
		AAA347F62C9295F50011A39D /* XCRemoteSwiftPackageReference "musixmatch-api-ios" */ = {
			isa = XCRemoteSwiftPackageReference;
			repositoryURL = "git@github.com:greenerchen/musixmatch-api-ios.git";
			requirement = {
				kind = upToNextMajorVersion;
				minimumVersion = 1.0.9;
			};
		};
		AAB68FD12CA5CA5F009ADCF4 /* XCRemoteSwiftPackageReference "ViewInspector" */ = {
			isa = XCRemoteSwiftPackageReference;
			repositoryURL = "https://github.com/nalexn/ViewInspector";
			requirement = {
				kind = upToNextMajorVersion;
				minimumVersion = 0.10.0;
			};
		};
/* End XCRemoteSwiftPackageReference section */

/* Begin XCSwiftPackageProductDependency section */
		AA098C282CA2F99200A0F63E /* ViewInspector */ = {
			isa = XCSwiftPackageProductDependency;
			package = AA098C272CA2F99200A0F63E /* XCRemoteSwiftPackageReference "ViewInspector" */;
			productName = ViewInspector;
		};
		AAA347F72C9295F50011A39D /* MusixmatchAPI */ = {
			isa = XCSwiftPackageProductDependency;
			package = AAA347F62C9295F50011A39D /* XCRemoteSwiftPackageReference "musixmatch-api-ios" */;
			productName = MusixmatchAPI;
		};
		AAB68FD22CA5CA5F009ADCF4 /* ViewInspector */ = {
			isa = XCSwiftPackageProductDependency;
			package = AAB68FD12CA5CA5F009ADCF4 /* XCRemoteSwiftPackageReference "ViewInspector" */;
			productName = ViewInspector;
		};
/* End XCSwiftPackageProductDependency section */
	};
	rootObject = AA9EEF6B2C7F1D86008F4B6D /* Project object */;
}
